
Microsoft Visual Studio Solution File, Format Version 12.00
# Visual Studio Version 17
VisualStudioVersion = 17.11.35222.181
MinimumVisualStudioVersion = 10.0.40219.1
Project("{FAE04EC0-301F-11D3-BF4B-00C04F79EFBC}") = "Bingo_klassrum", "Bingo_klassrum.csproj", "{01531666-852A-46D9-8EC4-AFB6CDBA57C1}"
EndProject
Global
	GlobalSection(SolutionConfigurationPlatforms) = preSolution
		Debug|Any CPU = Debug|Any CPU
		Release|Any CPU = Release|Any CPU
	EndGlobalSection
	GlobalSection(ProjectConfigurationPlatforms) = postSolution
		{01531666-852A-46D9-8EC4-AFB6CDBA57C1}.Debug|Any CPU.ActiveCfg = Debug|Any CPU
		{01531666-852A-46D9-8EC4-AFB6CDBA57C1}.Debug|Any CPU.Build.0 = Debug|Any CPU
		{01531666-852A-46D9-8EC4-AFB6CDBA57C1}.Release|Any CPU.ActiveCfg = Release|Any CPU
		{01531666-852A-46D9-8EC4-AFB6CDBA57C1}.Release|Any CPU.Build.0 = Release|Any CPU
	EndGlobalSection
	GlobalSection(SolutionProperties) = preSolution
		HideSolutionNode = FALSE
	EndGlobalSection
	GlobalSection(ExtensibilityGlobals) = postSolution
		SolutionGuid = {5759D316-AF09-4D3B-8409-8FB87A5AAA2B}
	EndGlobalSection
EndGlobal
